
Microsoft Visual Studio Solution File, Format Version 12.00
# Visual Studio Version 17
VisualStudioVersion = 17.0.31808.319
MinimumVisualStudioVersion = 10.0.40219.1
Project("{FAE04EC0-301F-11D3-BF4B-00C04F79EFBC}") = "RandomWalker", "RandomWalker.csproj", "{DEE520D4-DCE1-46E6-8C68-D0166DE6081C}"
EndProject
Global
	GlobalSection(SolutionConfigurationPlatforms) = preSolution
		Debug|Any CPU = Debug|Any CPU
		Release|Any CPU = Release|Any CPU
	EndGlobalSection
	GlobalSection(ProjectConfigurationPlatforms) = postSolution
		{DEE520D4-DCE1-46E6-8C68-D0166DE6081C}.Debug|Any CPU.ActiveCfg = Debug|Any CPU
		{DEE520D4-DCE1-46E6-8C68-D0166DE6081C}.Debug|Any CPU.Build.0 = Debug|Any CPU
		{DEE520D4-DCE1-46E6-8C68-D0166DE6081C}.Release|Any CPU.ActiveCfg = Release|Any CPU
		{DEE520D4-DCE1-46E6-8C68-D0166DE6081C}.Release|Any CPU.Build.0 = Release|Any CPU
	EndGlobalSection
	GlobalSection(SolutionProperties) = preSolution
		HideSolutionNode = FALSE
	EndGlobalSection
	GlobalSection(ExtensibilityGlobals) = postSolution
		SolutionGuid = {E13ACCA6-B376-41C2-A37D-7E0068EDA063}
	EndGlobalSection
EndGlobal
